
Microsoft Visual Studio Solution File, Format Version 12.00
# Visual Studio Version 16
VisualStudioVersion = 16.0.32802.440
MinimumVisualStudioVersion = 10.0.40219.1
Project("{FAE04EC0-301F-11D3-BF4B-00C04F79EFBC}") = "REPFramework", "REPFramework.csproj", "{867FD963-905C-4848-B5BD-5590209D7AAB}"
EndProject
Global
	GlobalSection(SolutionConfigurationPlatforms) = preSolution
		Debug|Any CPU = Debug|Any CPU
		Release|Any CPU = Release|Any CPU
	EndGlobalSection
	GlobalSection(ProjectConfigurationPlatforms) = postSolution
		{867FD963-905C-4848-B5BD-5590209D7AAB}.Debug|Any CPU.ActiveCfg = Debug|Any CPU
		{867FD963-905C-4848-B5BD-5590209D7AAB}.Debug|Any CPU.Build.0 = Debug|Any CPU
		{867FD963-905C-4848-B5BD-5590209D7AAB}.Release|Any CPU.ActiveCfg = Release|Any CPU
		{867FD963-905C-4848-B5BD-5590209D7AAB}.Release|Any CPU.Build.0 = Release|Any CPU
	EndGlobalSection
	GlobalSection(SolutionProperties) = preSolution
		HideSolutionNode = FALSE
	EndGlobalSection
	GlobalSection(ExtensibilityGlobals) = postSolution
		SolutionGuid = {6A800621-8C3B-4B25-B888-FB24DF9F1F2D}
	EndGlobalSection
EndGlobal
